
Microsoft Visual Studio Solution File, Format Version 12.00
# Visual Studio 2013
VisualStudioVersion = 12.0.30501.0
MinimumVisualStudioVersion = 10.0.40219.1
Project("{FAE04EC0-301F-11D3-BF4B-00C04F79EFBC}") = "LinkJack", "LinkJack\LinkJack.csproj", "{9F232630-2CAF-470D-87DF-2905E7C6743F}"
EndProject
Project("{FAE04EC0-301F-11D3-BF4B-00C04F79EFBC}") = "LinkJack.Tests", "LinkJack.Tests\LinkJack.Tests.csproj", "{45A67F37-4492-410D-8863-1E82204FEBEA}"
EndProject
Project("{FAE04EC0-301F-11D3-BF4B-00C04F79EFBC}") = "LinkJack.Logic", "LinkJack.Logic\LinkJack.Logic.csproj", "{F78C94A2-640C-4E01-94EA-A7575446A993}"
EndProject
Project("{FAE04EC0-301F-11D3-BF4B-00C04F79EFBC}") = "LinkJack.DataAccess", "LinkJack.DataAccess\LinkJack.DataAccess.csproj", "{0D1E29A0-3142-4330-9115-CB68192A58BF}"
EndProject
Global
	GlobalSection(SolutionConfigurationPlatforms) = preSolution
		Debug|Any CPU = Debug|Any CPU
		Release|Any CPU = Release|Any CPU
	EndGlobalSection
	GlobalSection(ProjectConfigurationPlatforms) = postSolution
		{9F232630-2CAF-470D-87DF-2905E7C6743F}.Debug|Any CPU.ActiveCfg = Debug|Any CPU
		{9F232630-2CAF-470D-87DF-2905E7C6743F}.Debug|Any CPU.Build.0 = Debug|Any CPU
		{9F232630-2CAF-470D-87DF-2905E7C6743F}.Release|Any CPU.ActiveCfg = Release|Any CPU
		{9F232630-2CAF-470D-87DF-2905E7C6743F}.Release|Any CPU.Build.0 = Release|Any CPU
		{45A67F37-4492-410D-8863-1E82204FEBEA}.Debug|Any CPU.ActiveCfg = Debug|Any CPU
		{45A67F37-4492-410D-8863-1E82204FEBEA}.Debug|Any CPU.Build.0 = Debug|Any CPU
		{45A67F37-4492-410D-8863-1E82204FEBEA}.Release|Any CPU.ActiveCfg = Release|Any CPU
		{45A67F37-4492-410D-8863-1E82204FEBEA}.Release|Any CPU.Build.0 = Release|Any CPU
		{F78C94A2-640C-4E01-94EA-A7575446A993}.Debug|Any CPU.ActiveCfg = Debug|Any CPU
		{F78C94A2-640C-4E01-94EA-A7575446A993}.Debug|Any CPU.Build.0 = Debug|Any CPU
		{F78C94A2-640C-4E01-94EA-A7575446A993}.Release|Any CPU.ActiveCfg = Release|Any CPU
		{F78C94A2-640C-4E01-94EA-A7575446A993}.Release|Any CPU.Build.0 = Release|Any CPU
		{0D1E29A0-3142-4330-9115-CB68192A58BF}.Debug|Any CPU.ActiveCfg = Debug|Any CPU
		{0D1E29A0-3142-4330-9115-CB68192A58BF}.Debug|Any CPU.Build.0 = Debug|Any CPU
		{0D1E29A0-3142-4330-9115-CB68192A58BF}.Release|Any CPU.ActiveCfg = Release|Any CPU
		{0D1E29A0-3142-4330-9115-CB68192A58BF}.Release|Any CPU.Build.0 = Release|Any CPU
	EndGlobalSection
	GlobalSection(SolutionProperties) = preSolution
		HideSolutionNode = FALSE
	EndGlobalSection
EndGlobal
